github.com/byronzr/fundation v0.0.0-20200116033420-1f8b8b97703c h1:qByT6rwTj6XMlI4qK3muGRDWEtv3DJkkV8PhlwVDO5A=
github.com/byronzr/fundation v0.0.0-20200116033420-1f8b8b97703c/go.mod h1:2/UWx8HCDytcotadf28JOZzDQ6FgqS28R+edETExyrI=
github.com/byronzr/fundation v0.0.0-20200116040102-8c32f7640b0b h1:OfxDePLiQ5nn55G0LL2ZweJcr2ZI0jjaYvH5oZNGqno=
github.com/byronzr/fundation v0.0.0-20200116040102-8c32f7640b0b/go.mod h1:2/UWx8HCDytcotadf28JOZzDQ6FgqS28R+edETExyrI=
github.com/byronzr/fundation v0.0.0-20200116063259-d54b70a1cd9f h1:pEaT4XIOcTBc7uDSiRXNlhZGPTuIBGuI4OqiK622XQE=
github.com/byronzr/fundation v0.0.0-20200116063259-d54b70a1cd9f/go.mod h1:2/UWx8HCDytcotadf28JOZzDQ6FgqS28R+edETExyrI=
github.com/byronzr/fundation v0.0.0-20200116073313-b195f6e834f9 h1:Rb2Cl1BpOSmHX89A4mDreXwF30EN02ZP8o2476hpukM=
github.com/byronzr/fundation v0.0.0-20200116073313-b195f6e834f9/go.mod h1:2/UWx8HCDytcotadf28JOZzDQ6FgqS28R+edETExyrI=
github.com/byronzr/fundation v0.0.1 h1:5fNSLK9sqM3dPf8NtPEFHNY6NBZeo+fgnTrMZ02UXHI=
github.com/byronzr/fundation v0.0.1/go.mod h1:2/UWx8HCDytcotadf28JOZzDQ6FgqS28R+edETExyrI=
